// !$*UTF8*$!
{
	archiveVersion = 1;
	classes = {
	};
	objectVersion = 46;
	objects = {

/* Begin PBXBuildFile section */
		052EA3F776612D8F0A0BBAE3 /* Pods_Soneca_Bus.framework in Frameworks */ = {isa = PBXBuildFile; fileRef = 7A242DC485FD5E461BE88BF4 /* Pods_Soneca_Bus.framework */; };
		4A6516B81D67843300DC18FA /* BusStop.swift in Sources */ = {isa = PBXBuildFile; fileRef = 4A6516B71D67843300DC18FA /* BusStop.swift */; };
		4A7A50381D679BF000358F8E /* BusStopAnnotation.swift in Sources */ = {isa = PBXBuildFile; fileRef = 4A7A50371D679BF000358F8E /* BusStopAnnotation.swift */; };
		4AAD7A611D67583E00ECFA20 /* Utilities.swift in Sources */ = {isa = PBXBuildFile; fileRef = 4AAD7A601D67583E00ECFA20 /* Utilities.swift */; };
		4AAD7A631D6759D800ECFA20 /* GeoNotification.swift in Sources */ = {isa = PBXBuildFile; fileRef = 4AAD7A621D6759D800ECFA20 /* GeoNotification.swift */; };
		4AC3E52A1D6754E10033881B /* Info.plist in Resources */ = {isa = PBXBuildFile; fileRef = 4AC3E5291D6754E10033881B /* Info.plist */; };
		4AE2F2981D6751D3004E0F52 /* AppDelegate.swift in Sources */ = {isa = PBXBuildFile; fileRef = 4AE2F2971D6751D3004E0F52 /* AppDelegate.swift */; };
		4AE2F2A11D67521F004E0F52 /* LaunchScreen.storyboard in Resources */ = {isa = PBXBuildFile; fileRef = 4AE2F29D1D67521F004E0F52 /* LaunchScreen.storyboard */; };
		4AE2F2A21D67521F004E0F52 /* Main.storyboard in Resources */ = {isa = PBXBuildFile; fileRef = 4AE2F29F1D67521F004E0F52 /* Main.storyboard */; };
		69838F351D675A0900DBB8CF /* HomeViewController.swift in Sources */ = {isa = PBXBuildFile; fileRef = 69838F341D675A0900DBB8CF /* HomeViewController.swift */; };
		69838F371D67627100DBB8CF /* HomeTableViewCell.swift in Sources */ = {isa = PBXBuildFile; fileRef = 69838F361D67627100DBB8CF /* HomeTableViewCell.swift */; };
		69838F391D6777CE00DBB8CF /* CreateAlertViewController.swift in Sources */ = {isa = PBXBuildFile; fileRef = 69838F381D6777CE00DBB8CF /* CreateAlertViewController.swift */; };
		69838F3B1D67799300DBB8CF /* MapKit.framework in Frameworks */ = {isa = PBXBuildFile; fileRef = 69838F3A1D67799300DBB8CF /* MapKit.framework */; };
		69C0FB0E1D679D5E00FCD7EE /* SearchViewController.swift in Sources */ = {isa = PBXBuildFile; fileRef = 69C0FB0D1D679D5E00FCD7EE /* SearchViewController.swift */; };
		69C0FB101D67A7F500FCD7EE /* AlertDetailsViewController.swift in Sources */ = {isa = PBXBuildFile; fileRef = 69C0FB0F1D67A7F500FCD7EE /* AlertDetailsViewController.swift */; };
		69C0FB121D67AA6F00FCD7EE /* AssetCatalog.xcassets in Resources */ = {isa = PBXBuildFile; fileRef = 69C0FB111D67AA6F00FCD7EE /* AssetCatalog.xcassets */; };
/* End PBXBuildFile section */

/* Begin PBXFileReference section */
		32E8C0DAE06580C4031A1CEF /* Pods-Soneca-Bus.debug.xcconfig */ = {isa = PBXFileReference; includeInIndex = 1; lastKnownFileType = text.xcconfig; name = "Pods-Soneca-Bus.debug.xcconfig"; path = "Pods/Target Support Files/Pods-Soneca-Bus/Pods-Soneca-Bus.debug.xcconfig"; sourceTree = "<group>"; };
		4A582CCF1D674DE500F7A6D3 /* Soneca-Bus.app */ = {isa = PBXFileReference; explicitFileType = wrapper.application; includeInIndex = 0; path = "Soneca-Bus.app"; sourceTree = BUILT_PRODUCTS_DIR; };
		4A6516B71D67843300DC18FA /* BusStop.swift */ = {isa = PBXFileReference; fileEncoding = 4; lastKnownFileType = sourcecode.swift; path = BusStop.swift; sourceTree = SOURCE_ROOT; };
		4A7A50371D679BF000358F8E /* BusStopAnnotation.swift */ = {isa = PBXFileReference; fileEncoding = 4; lastKnownFileType = sourcecode.swift; path = BusStopAnnotation.swift; sourceTree = SOURCE_ROOT; };
		4AAD7A601D67583E00ECFA20 /* Utilities.swift */ = {isa = PBXFileReference; fileEncoding = 4; lastKnownFileType = sourcecode.swift; path = Utilities.swift; sourceTree = SOURCE_ROOT; };
		4AAD7A621D6759D800ECFA20 /* GeoNotification.swift */ = {isa = PBXFileReference; fileEncoding = 4; lastKnownFileType = sourcecode.swift; path = GeoNotification.swift; sourceTree = SOURCE_ROOT; };
		4AC3E5291D6754E10033881B /* Info.plist */ = {isa = PBXFileReference; fileEncoding = 4; lastKnownFileType = text.plist.xml; path = Info.plist; sourceTree = SOURCE_ROOT; };
		4AE2F2971D6751D3004E0F52 /* AppDelegate.swift */ = {isa = PBXFileReference; fileEncoding = 4; lastKnownFileType = sourcecode.swift; path = AppDelegate.swift; sourceTree = SOURCE_ROOT; };
		4AE2F29E1D67521F004E0F52 /* Base */ = {isa = PBXFileReference; lastKnownFileType = file.storyboard; name = Base; path = Base.lproj/LaunchScreen.storyboard; sourceTree = SOURCE_ROOT; };
		4AE2F2A01D67521F004E0F52 /* Base */ = {isa = PBXFileReference; lastKnownFileType = file.storyboard; name = Base; path = Base.lproj/Main.storyboard; sourceTree = SOURCE_ROOT; };
		5A53A382D748D5CE7BEE5883 /* Pods-Soneca-Bus.release.xcconfig */ = {isa = PBXFileReference; includeInIndex = 1; lastKnownFileType = text.xcconfig; name = "Pods-Soneca-Bus.release.xcconfig"; path = "Pods/Target Support Files/Pods-Soneca-Bus/Pods-Soneca-Bus.release.xcconfig"; sourceTree = "<group>"; };
		69838F341D675A0900DBB8CF /* HomeViewController.swift */ = {isa = PBXFileReference; fileEncoding = 4; lastKnownFileType = sourcecode.swift; path = HomeViewController.swift; sourceTree = SOURCE_ROOT; };
		69838F361D67627100DBB8CF /* HomeTableViewCell.swift */ = {isa = PBXFileReference; fileEncoding = 4; lastKnownFileType = sourcecode.swift; path = HomeTableViewCell.swift; sourceTree = SOURCE_ROOT; };
		69838F381D6777CE00DBB8CF /* CreateAlertViewController.swift */ = {isa = PBXFileReference; fileEncoding = 4; lastKnownFileType = sourcecode.swift; path = CreateAlertViewController.swift; sourceTree = SOURCE_ROOT; };
		69838F3A1D67799300DBB8CF /* MapKit.framework */ = {isa = PBXFileReference; lastKnownFileType = wrapper.framework; name = MapKit.framework; path = System/Library/Frameworks/MapKit.framework; sourceTree = SDKROOT; };
		69C0FB0D1D679D5E00FCD7EE /* SearchViewController.swift */ = {isa = PBXFileReference; fileEncoding = 4; lastKnownFileType = sourcecode.swift; path = SearchViewController.swift; sourceTree = SOURCE_ROOT; };
		69C0FB0F1D67A7F500FCD7EE /* AlertDetailsViewController.swift */ = {isa = PBXFileReference; fileEncoding = 4; lastKnownFileType = sourcecode.swift; path = AlertDetailsViewController.swift; sourceTree = SOURCE_ROOT; };
		69C0FB111D67AA6F00FCD7EE /* AssetCatalog.xcassets */ = {isa = PBXFileReference; lastKnownFileType = folder.assetcatalog; path = AssetCatalog.xcassets; sourceTree = SOURCE_ROOT; };
		7A242DC485FD5E461BE88BF4 /* Pods_Soneca_Bus.framework */ = {isa = PBXFileReference; explicitFileType = wrapper.framework; includeInIndex = 0; path = Pods_Soneca_Bus.framework; sourceTree = BUILT_PRODUCTS_DIR; };
/* End PBXFileReference section */

/* Begin PBXFrameworksBuildPhase section */
		4A582CCC1D674DE500F7A6D3 /* Frameworks */ = {
			isa = PBXFrameworksBuildPhase;
			buildActionMask = 2147483647;
			files = (
				69838F3B1D67799300DBB8CF /* MapKit.framework in Frameworks */,
				052EA3F776612D8F0A0BBAE3 /* Pods_Soneca_Bus.framework in Frameworks */,
			);
			runOnlyForDeploymentPostprocessing = 0;
		};
/* End PBXFrameworksBuildPhase section */

/* Begin PBXGroup section */
		199A8A3DD634AC2F4CE2BFED /* Pods */ = {
			isa = PBXGroup;
			children = (
				32E8C0DAE06580C4031A1CEF /* Pods-Soneca-Bus.debug.xcconfig */,
				5A53A382D748D5CE7BEE5883 /* Pods-Soneca-Bus.release.xcconfig */,
			);
			name = Pods;
			sourceTree = "<group>";
		};
		4A582CC61D674DE500F7A6D3 = {
			isa = PBXGroup;
			children = (
				4A582CD11D674DE500F7A6D3 /* Soneca-Bus */,
				4A582CD01D674DE500F7A6D3 /* Products */,
				199A8A3DD634AC2F4CE2BFED /* Pods */,
				C5D91ADC5F023F4D05819FAB /* Frameworks */,
			);
			sourceTree = "<group>";
		};
		4A582CD01D674DE500F7A6D3 /* Products */ = {
			isa = PBXGroup;
			children = (
				4A582CCF1D674DE500F7A6D3 /* Soneca-Bus.app */,
			);
			name = Products;
			sourceTree = "<group>";
		};
		4A582CD11D674DE500F7A6D3 /* Soneca-Bus */ = {
			isa = PBXGroup;
			children = (
				4AC3E5291D6754E10033881B /* Info.plist */,
				4AE2F2971D6751D3004E0F52 /* AppDelegate.swift */,
				69838F381D6777CE00DBB8CF /* CreateAlertViewController.swift */,
				69838F341D675A0900DBB8CF /* HomeViewController.swift */,
				69838F361D67627100DBB8CF /* HomeTableViewCell.swift */,
				4AE2F29D1D67521F004E0F52 /* LaunchScreen.storyboard */,
				4AE2F29F1D67521F004E0F52 /* Main.storyboard */,
				4AAD7A601D67583E00ECFA20 /* Utilities.swift */,
				4AAD7A621D6759D800ECFA20 /* GeoNotification.swift */,
				4A6516B71D67843300DC18FA /* BusStop.swift */,
				4A7A50371D679BF000358F8E /* BusStopAnnotation.swift */,
				69C0FB0D1D679D5E00FCD7EE /* SearchViewController.swift */,
				69C0FB0F1D67A7F500FCD7EE /* AlertDetailsViewController.swift */,
				69C0FB111D67AA6F00FCD7EE /* AssetCatalog.xcassets */,
			);
			path = "Soneca-Bus";
			sourceTree = "<group>";
		};
		C5D91ADC5F023F4D05819FAB /* Frameworks */ = {
			isa = PBXGroup;
			children = (
				69838F3A1D67799300DBB8CF /* MapKit.framework */,
				7A242DC485FD5E461BE88BF4 /* Pods_Soneca_Bus.framework */,
			);
			name = Frameworks;
			sourceTree = "<group>";
		};
/* End PBXGroup section */

/* Begin PBXNativeTarget section */
		4A582CCE1D674DE500F7A6D3 /* Soneca-Bus */ = {
			isa = PBXNativeTarget;
			buildConfigurationList = 4A582CE11D674DE500F7A6D3 /* Build configuration list for PBXNativeTarget "Soneca-Bus" */;
			buildPhases = (
				B91192608E839B049D370D8D /* [CP] Check Pods Manifest.lock */,
				4A582CCB1D674DE500F7A6D3 /* Sources */,
				4A582CCC1D674DE500F7A6D3 /* Frameworks */,
				4A582CCD1D674DE500F7A6D3 /* Resources */,
				F0F816BA0CAD19760F03E892 /* [CP] Embed Pods Frameworks */,
				4597A52672A8309E23345A5B /* [CP] Copy Pods Resources */,
			);
			buildRules = (
			);
			dependencies = (
			);
			name = "Soneca-Bus";
			productName = "Soneca-Bus";
			productReference = 4A582CCF1D674DE500F7A6D3 /* Soneca-Bus.app */;
			productType = "com.apple.product-type.application";
		};
/* End PBXNativeTarget section */

/* Begin PBXProject section */
		4A582CC71D674DE500F7A6D3 /* Project object */ = {
			isa = PBXProject;
			attributes = {
				LastSwiftUpdateCheck = 0730;
				LastUpgradeCheck = 0730;
				ORGANIZATIONNAME = Liferay;
				TargetAttributes = {
					4A582CCE1D674DE500F7A6D3 = {
						CreatedOnToolsVersion = 7.3;
						SystemCapabilities = {
							com.apple.Maps.iOS = {
								enabled = 1;
							};
						};
					};
				};
			};
			buildConfigurationList = 4A582CCA1D674DE500F7A6D3 /* Build configuration list for PBXProject "Soneca-Bus" */;
			compatibilityVersion = "Xcode 3.2";
			developmentRegion = English;
			hasScannedForEncodings = 0;
			knownRegions = (
				en,
				Base,
			);
			mainGroup = 4A582CC61D674DE500F7A6D3;
			productRefGroup = 4A582CD01D674DE500F7A6D3 /* Products */;
			projectDirPath = "";
			projectRoot = "";
			targets = (
				4A582CCE1D674DE500F7A6D3 /* Soneca-Bus */,
			);
		};
/* End PBXProject section */

/* Begin PBXResourcesBuildPhase section */
		4A582CCD1D674DE500F7A6D3 /* Resources */ = {
			isa = PBXResourcesBuildPhase;
			buildActionMask = 2147483647;
			files = (
				69C0FB121D67AA6F00FCD7EE /* AssetCatalog.xcassets in Resources */,
				4AE2F2A11D67521F004E0F52 /* LaunchScreen.storyboard in Resources */,
				4AE2F2A21D67521F004E0F52 /* Main.storyboard in Resources */,
				4AC3E52A1D6754E10033881B /* Info.plist in Resources */,
			);
			runOnlyForDeploymentPostprocessing = 0;
		};
/* End PBXResourcesBuildPhase section */

/* Begin PBXShellScriptBuildPhase section */
		4597A52672A8309E23345A5B /* [CP] Copy Pods Resources */ = {
			isa = PBXShellScriptBuildPhase;
			buildActionMask = 2147483647;
			files = (
			);
			inputPaths = (
			);
			name = "[CP] Copy Pods Resources";
			outputPaths = (
			);
			runOnlyForDeploymentPostprocessing = 0;
			shellPath = /bin/sh;
			shellScript = "\"${SRCROOT}/Pods/Target Support Files/Pods-Soneca-Bus/Pods-Soneca-Bus-resources.sh\"\n";
			showEnvVarsInLog = 0;
		};
		B91192608E839B049D370D8D /* [CP] Check Pods Manifest.lock */ = {
			isa = PBXShellScriptBuildPhase;
			buildActionMask = 2147483647;
			files = (
			);
			inputPaths = (
			);
			name = "[CP] Check Pods Manifest.lock";
			outputPaths = (
			);
			runOnlyForDeploymentPostprocessing = 0;
			shellPath = /bin/sh;
			shellScript = "diff \"${PODS_ROOT}/../Podfile.lock\" \"${PODS_ROOT}/Manifest.lock\" > /dev/null\nif [[ $? != 0 ]] ; then\n    cat << EOM\nerror: The sandbox is not in sync with the Podfile.lock. Run 'pod install' or update your CocoaPods installation.\nEOM\n    exit 1\nfi\n";
			showEnvVarsInLog = 0;
		};
		F0F816BA0CAD19760F03E892 /* [CP] Embed Pods Frameworks */ = {
			isa = PBXShellScriptBuildPhase;
			buildActionMask = 2147483647;
			files = (
			);
			inputPaths = (
			);
			name = "[CP] Embed Pods Frameworks";
			outputPaths = (
			);
			runOnlyForDeploymentPostprocessing = 0;
			shellPath = /bin/sh;
			shellScript = "\"${SRCROOT}/Pods/Target Support Files/Pods-Soneca-Bus/Pods-Soneca-Bus-frameworks.sh\"\n";
			showEnvVarsInLog = 0;
		};
/* End PBXShellScriptBuildPhase section */

/* Begin PBXSourcesBuildPhase section */
		4A582CCB1D674DE500F7A6D3 /* Sources */ = {
			isa = PBXSourcesBuildPhase;
			buildActionMask = 2147483647;
			files = (
				69C0FB0E1D679D5E00FCD7EE /* SearchViewController.swift in Sources */,
				4AAD7A611D67583E00ECFA20 /* Utilities.swift in Sources */,
				69C0FB101D67A7F500FCD7EE /* AlertDetailsViewController.swift in Sources */,
				4AAD7A631D6759D800ECFA20 /* GeoNotification.swift in Sources */,
				69838F371D67627100DBB8CF /* HomeTableViewCell.swift in Sources */,
				4A6516B81D67843300DC18FA /* BusStop.swift in Sources */,
				69838F391D6777CE00DBB8CF /* CreateAlertViewController.swift in Sources */,
				69838F351D675A0900DBB8CF /* HomeViewController.swift in Sources */,
				4A7A50381D679BF000358F8E /* BusStopAnnotation.swift in Sources */,
				4AE2F2981D6751D3004E0F52 /* AppDelegate.swift in Sources */,
			);
			runOnlyForDeploymentPostprocessing = 0;
		};
/* End PBXSourcesBuildPhase section */

/* Begin PBXVariantGroup section */
		4AE2F29D1D67521F004E0F52 /* LaunchScreen.storyboard */ = {
			isa = PBXVariantGroup;
			children = (
				4AE2F29E1D67521F004E0F52 /* Base */,
			);
			name = LaunchScreen.storyboard;
			sourceTree = "<group>";
		};
		4AE2F29F1D67521F004E0F52 /* Main.storyboard */ = {
			isa = PBXVariantGroup;
			children = (
				4AE2F2A01D67521F004E0F52 /* Base */,
			);
			name = Main.storyboard;
			sourceTree = "<group>";
		};
/* End PBXVariantGroup section */

/* Begin XCBuildConfiguration section */
		4A582CDF1D674DE500F7A6D3 /* Debug */ = {
			isa = XCBuildConfiguration;
			buildSettings = {
				ALWAYS_SEARCH_USER_PATHS = NO;
				CLANG_ANALYZER_NONNULL = YES;
				CLANG_CXX_LANGUAGE_STANDARD = "gnu++0x";
				CLANG_CXX_LIBRARY = "libc++";
				CLANG_ENABLE_MODULES = YES;
				CLANG_ENABLE_OBJC_ARC = YES;
				CLANG_WARN_BOOL_CONVERSION = YES;
				CLANG_WARN_CONSTANT_CONVERSION = YES;
				CLANG_WARN_DIRECT_OBJC_ISA_USAGE = YES_ERROR;
				CLANG_WARN_EMPTY_BODY = YES;
				CLANG_WARN_ENUM_CONVERSION = YES;
				CLANG_WARN_INT_CONVERSION = YES;
				CLANG_WARN_OBJC_ROOT_CLASS = YES_ERROR;
				CLANG_WARN_UNREACHABLE_CODE = YES;
				CLANG_WARN__DUPLICATE_METHOD_MATCH = YES;
				"CODE_SIGN_IDENTITY[sdk=iphoneos*]" = "iPhone Developer";
				COPY_PHASE_STRIP = NO;
				DEBUG_INFORMATION_FORMAT = dwarf;
				ENABLE_STRICT_OBJC_MSGSEND = YES;
				ENABLE_TESTABILITY = YES;
				GCC_C_LANGUAGE_STANDARD = gnu99;
				GCC_DYNAMIC_NO_PIC = NO;
				GCC_NO_COMMON_BLOCKS = YES;
				GCC_OPTIMIZATION_LEVEL = 0;
				GCC_PREPROCESSOR_DEFINITIONS = (
					"DEBUG=1",
					"$(inherited)",
				);
				GCC_WARN_64_TO_32_BIT_CONVERSION = YES;
				GCC_WARN_ABOUT_RETURN_TYPE = YES_ERROR;
				GCC_WARN_UNDECLARED_SELECTOR = YES;
				GCC_WARN_UNINITIALIZED_AUTOS = YES_AGGRESSIVE;
				GCC_WARN_UNUSED_FUNCTION = YES;
				GCC_WARN_UNUSED_VARIABLE = YES;
				IPHONEOS_DEPLOYMENT_TARGET = 9.3;
				MTL_ENABLE_DEBUG_INFO = YES;
				ONLY_ACTIVE_ARCH = YES;
				SDKROOT = iphoneos;
				SWIFT_OPTIMIZATION_LEVEL = "-Onone";
			};
			name = Debug;
		};
		4A582CE01D674DE500F7A6D3 /* Release */ = {
			isa = XCBuildConfiguration;
			buildSettings = {
				ALWAYS_SEARCH_USER_PATHS = NO;
				CLANG_ANALYZER_NONNULL = YES;
				CLANG_CXX_LANGUAGE_STANDARD = "gnu++0x";
				CLANG_CXX_LIBRARY = "libc++";
				CLANG_ENABLE_MODULES = YES;
				CLANG_ENABLE_OBJC_ARC = YES;
				CLANG_WARN_BOOL_CONVERSION = YES;
				CLANG_WARN_CONSTANT_CONVERSION = YES;
				CLANG_WARN_DIRECT_OBJC_ISA_USAGE = YES_ERROR;
				CLANG_WARN_EMPTY_BODY = YES;
				CLANG_WARN_ENUM_CONVERSION = YES;
				CLANG_WARN_INT_CONVERSION = YES;
				CLANG_WARN_OBJC_ROOT_CLASS = YES_ERROR;
				CLANG_WARN_UNREACHABLE_CODE = YES;
				CLANG_WARN__DUPLICATE_METHOD_MATCH = YES;
				"CODE_SIGN_IDENTITY[sdk=iphoneos*]" = "iPhone Developer";
				COPY_PHASE_STRIP = NO;
				DEBUG_INFORMATION_FORMAT = "dwarf-with-dsym";
				ENABLE_NS_ASSERTIONS = NO;
				ENABLE_STRICT_OBJC_MSGSEND = YES;
				GCC_C_LANGUAGE_STANDARD = gnu99;
				GCC_NO_COMMON_BLOCKS = YES;
				GCC_WARN_64_TO_32_BIT_CONVERSION = YES;
				GCC_WARN_ABOUT_RETURN_TYPE = YES_ERROR;
				GCC_WARN_UNDECLARED_SELECTOR = YES;
				GCC_WARN_UNINITIALIZED_AUTOS = YES_AGGRESSIVE;
				GCC_WARN_UNUSED_FUNCTION = YES;
				GCC_WARN_UNUSED_VARIABLE = YES;
				IPHONEOS_DEPLOYMENT_TARGET = 9.3;
				MTL_ENABLE_DEBUG_INFO = NO;
				SDKROOT = iphoneos;
				VALIDATE_PRODUCT = YES;
			};
			name = Release;
		};
		4A582CE21D674DE500F7A6D3 /* Debug */ = {
			isa = XCBuildConfiguration;
			baseConfigurationReference = 32E8C0DAE06580C4031A1CEF /* Pods-Soneca-Bus.debug.xcconfig */;
			buildSettings = {
				ASSETCATALOG_COMPILER_APPICON_NAME = AppIcon;
				ASSETCATALOG_COMPILER_LAUNCHIMAGE_NAME = "Brand Assets";
				CLANG_ENABLE_MODULES = YES;
				INFOPLIST_FILE = Info.plist;
				LD_RUNPATH_SEARCH_PATHS = "$(inherited) @executable_path/Frameworks";
				PRODUCT_BUNDLE_IDENTIFIER = "com.liferay.Soneca-Bus";
				PRODUCT_NAME = "$(TARGET_NAME)";
				SWIFT_OPTIMIZATION_LEVEL = "-Onone";
			};
			name = Debug;
		};
		4A582CE31D674DE500F7A6D3 /* Release */ = {
			isa = XCBuildConfiguration;
			baseConfigurationReference = 5A53A382D748D5CE7BEE5883 /* Pods-Soneca-Bus.release.xcconfig */;
			buildSettings = {
				ASSETCATALOG_COMPILER_APPICON_NAME = AppIcon;
				ASSETCATALOG_COMPILER_LAUNCHIMAGE_NAME = "Brand Assets";
				CLANG_ENABLE_MODULES = YES;
				INFOPLIST_FILE = Info.plist;
				LD_RUNPATH_SEARCH_PATHS = "$(inherited) @executable_path/Frameworks";
				PRODUCT_BUNDLE_IDENTIFIER = "com.liferay.Soneca-Bus";
				PRODUCT_NAME = "$(TARGET_NAME)";
			};
			name = Release;
		};
/* End XCBuildConfiguration section */

/* Begin XCConfigurationList section */
		4A582CCA1D674DE500F7A6D3 /* Build configuration list for PBXProject "Soneca-Bus" */ = {
			isa = XCConfigurationList;
			buildConfigurations = (
				4A582CDF1D674DE500F7A6D3 /* Debug */,
				4A582CE01D674DE500F7A6D3 /* Release */,
			);
			defaultConfigurationIsVisible = 0;
			defaultConfigurationName = Release;
		};
		4A582CE11D674DE500F7A6D3 /* Build configuration list for PBXNativeTarget "Soneca-Bus" */ = {
			isa = XCConfigurationList;
			buildConfigurations = (
				4A582CE21D674DE500F7A6D3 /* Debug */,
				4A582CE31D674DE500F7A6D3 /* Release */,
			);
			defaultConfigurationIsVisible = 0;
			defaultConfigurationName = Release;
		};
/* End XCConfigurationList section */
	};
	rootObject = 4A582CC71D674DE500F7A6D3 /* Project object */;
}
